
Microsoft Visual Studio Solution File, Format Version 12.00
# Visual Studio Version 17
VisualStudioVersion = 17.6.33815.320
MinimumVisualStudioVersion = 10.0.40219.1
Project("{FAE04EC0-301F-11D3-BF4B-00C04F79EFBC}") = "Module4", "Module4\Module4.csproj", "{7DEA77D3-2332-405E-9527-FB7AAF695BCD}"
EndProject
Project("{9A19103F-16F7-4668-BE54-9A1E7A4F7556}") = "Module3", "Module3\Module3.csproj", "{D2D8C169-1176-45F2-A840-A232F7D8D7DD}"
EndProject
Project("{FAE04EC0-301F-11D3-BF4B-00C04F79EFBC}") = "Module5", "Module5\Module5.csproj", "{7CC69C52-3D1C-4F6F-9BC5-04F893F7EFE0}"
EndProject
Project("{FAE04EC0-301F-11D3-BF4B-00C04F79EFBC}") = "Module6", "Module6\Module6.csproj", "{0EDB7315-7A05-4EC2-9227-2919B50AE09A}"
EndProject
Project("{FAE04EC0-301F-11D3-BF4B-00C04F79EFBC}") = "Module7", "Module7\Module7.csproj", "{6D1F49DF-0437-45E8-8EBE-292F65F62DF4}"
EndProject
Project("{FAE04EC0-301F-11D3-BF4B-00C04F79EFBC}") = "Module8", "Module8\Module8.csproj", "{DB8A2282-739C-42DF-BC1F-487B2B163604}"
EndProject
Project("{FAE04EC0-301F-11D3-BF4B-00C04F79EFBC}") = "Module9", "Module9\Module9.csproj", "{2337589C-D572-4D00-BB01-8E8E3A18908B}"
EndProject
Global
	GlobalSection(SolutionConfigurationPlatforms) = preSolution
		Debug|Any CPU = Debug|Any CPU
		Release|Any CPU = Release|Any CPU
	EndGlobalSection
	GlobalSection(ProjectConfigurationPlatforms) = postSolution
		{7DEA77D3-2332-405E-9527-FB7AAF695BCD}.Debug|Any CPU.ActiveCfg = Debug|Any CPU
		{7DEA77D3-2332-405E-9527-FB7AAF695BCD}.Debug|Any CPU.Build.0 = Debug|Any CPU
		{7DEA77D3-2332-405E-9527-FB7AAF695BCD}.Release|Any CPU.ActiveCfg = Release|Any CPU
		{7DEA77D3-2332-405E-9527-FB7AAF695BCD}.Release|Any CPU.Build.0 = Release|Any CPU
		{D2D8C169-1176-45F2-A840-A232F7D8D7DD}.Debug|Any CPU.ActiveCfg = Debug|Any CPU
		{D2D8C169-1176-45F2-A840-A232F7D8D7DD}.Debug|Any CPU.Build.0 = Debug|Any CPU
		{D2D8C169-1176-45F2-A840-A232F7D8D7DD}.Release|Any CPU.ActiveCfg = Release|Any CPU
		{D2D8C169-1176-45F2-A840-A232F7D8D7DD}.Release|Any CPU.Build.0 = Release|Any CPU
		{7CC69C52-3D1C-4F6F-9BC5-04F893F7EFE0}.Debug|Any CPU.ActiveCfg = Debug|Any CPU
		{7CC69C52-3D1C-4F6F-9BC5-04F893F7EFE0}.Debug|Any CPU.Build.0 = Debug|Any CPU
		{7CC69C52-3D1C-4F6F-9BC5-04F893F7EFE0}.Release|Any CPU.ActiveCfg = Release|Any CPU
		{7CC69C52-3D1C-4F6F-9BC5-04F893F7EFE0}.Release|Any CPU.Build.0 = Release|Any CPU
		{0EDB7315-7A05-4EC2-9227-2919B50AE09A}.Debug|Any CPU.ActiveCfg = Debug|Any CPU
		{0EDB7315-7A05-4EC2-9227-2919B50AE09A}.Debug|Any CPU.Build.0 = Debug|Any CPU
		{0EDB7315-7A05-4EC2-9227-2919B50AE09A}.Release|Any CPU.ActiveCfg = Release|Any CPU
		{0EDB7315-7A05-4EC2-9227-2919B50AE09A}.Release|Any CPU.Build.0 = Release|Any CPU
		{6D1F49DF-0437-45E8-8EBE-292F65F62DF4}.Debug|Any CPU.ActiveCfg = Debug|Any CPU
		{6D1F49DF-0437-45E8-8EBE-292F65F62DF4}.Debug|Any CPU.Build.0 = Debug|Any CPU
		{6D1F49DF-0437-45E8-8EBE-292F65F62DF4}.Release|Any CPU.ActiveCfg = Release|Any CPU
		{6D1F49DF-0437-45E8-8EBE-292F65F62DF4}.Release|Any CPU.Build.0 = Release|Any CPU
		{DB8A2282-739C-42DF-BC1F-487B2B163604}.Debug|Any CPU.ActiveCfg = Debug|Any CPU
		{DB8A2282-739C-42DF-BC1F-487B2B163604}.Debug|Any CPU.Build.0 = Debug|Any CPU
		{DB8A2282-739C-42DF-BC1F-487B2B163604}.Release|Any CPU.ActiveCfg = Release|Any CPU
		{DB8A2282-739C-42DF-BC1F-487B2B163604}.Release|Any CPU.Build.0 = Release|Any CPU
		{2337589C-D572-4D00-BB01-8E8E3A18908B}.Debug|Any CPU.ActiveCfg = Debug|Any CPU
		{2337589C-D572-4D00-BB01-8E8E3A18908B}.Debug|Any CPU.Build.0 = Debug|Any CPU
		{2337589C-D572-4D00-BB01-8E8E3A18908B}.Release|Any CPU.ActiveCfg = Release|Any CPU
		{2337589C-D572-4D00-BB01-8E8E3A18908B}.Release|Any CPU.Build.0 = Release|Any CPU
	EndGlobalSection
	GlobalSection(SolutionProperties) = preSolution
		HideSolutionNode = FALSE
	EndGlobalSection
	GlobalSection(ExtensibilityGlobals) = postSolution
		SolutionGuid = {6F4DBA96-B4A7-4E7D-B02C-42418F691947}
	EndGlobalSection
EndGlobal
